
Microsoft Visual Studio Solution File, Format Version 11.00
# Visual Studio 2010
Project("{FAE04EC0-301F-11D3-BF4B-00C04F79EFBC}") = "HelloXamarinAndroid", "HelloXamarinAndroid\HelloXamarinAndroid.csproj", "{58B07E39-4B58-4271-BD18-C0D5EA8205AE}"
EndProject
Global
	GlobalSection(SolutionConfigurationPlatforms) = preSolution
		Debug|Any CPU = Debug|Any CPU
		Release|Any CPU = Release|Any CPU
	EndGlobalSection
	GlobalSection(ProjectConfigurationPlatforms) = postSolution
		{58B07E39-4B58-4271-BD18-C0D5EA8205AE}.Debug|Any CPU.ActiveCfg = Debug|Any CPU
		{58B07E39-4B58-4271-BD18-C0D5EA8205AE}.Debug|Any CPU.Build.0 = Debug|Any CPU
		{58B07E39-4B58-4271-BD18-C0D5EA8205AE}.Release|Any CPU.ActiveCfg = Release|Any CPU
		{58B07E39-4B58-4271-BD18-C0D5EA8205AE}.Release|Any CPU.Build.0 = Release|Any CPU
	EndGlobalSection
	GlobalSection(MonoDevelopProperties) = preSolution
		StartupItem = HelloXamarinAndroid\HelloXamarinAndroid.csproj
	EndGlobalSection
EndGlobal
